
Microsoft Visual Studio Solution File, Format Version 12.00
# Visual Studio Version 17
VisualStudioVersion = 17.10.35013.160
MinimumVisualStudioVersion = 10.0.40219.1
Project("{FAE04EC0-301F-11D3-BF4B-00C04F79EFBC}") = "MovieAPI", "MovieAPI\MovieAPI.csproj", "{1D583E57-8152-4937-8BA8-FE6BB483707B}"
EndProject
Global
	GlobalSection(SolutionConfigurationPlatforms) = preSolution
		Debug|Any CPU = Debug|Any CPU
		Release|Any CPU = Release|Any CPU
	EndGlobalSection
	GlobalSection(ProjectConfigurationPlatforms) = postSolution
		{1D583E57-8152-4937-8BA8-FE6BB483707B}.Debug|Any CPU.ActiveCfg = Debug|Any CPU
		{1D583E57-8152-4937-8BA8-FE6BB483707B}.Debug|Any CPU.Build.0 = Debug|Any CPU
		{1D583E57-8152-4937-8BA8-FE6BB483707B}.Release|Any CPU.ActiveCfg = Release|Any CPU
		{1D583E57-8152-4937-8BA8-FE6BB483707B}.Release|Any CPU.Build.0 = Release|Any CPU
	EndGlobalSection
	GlobalSection(SolutionProperties) = preSolution
		HideSolutionNode = FALSE
	EndGlobalSection
	GlobalSection(ExtensibilityGlobals) = postSolution
		SolutionGuid = {5C0E7128-E8A1-4AB7-A852-EB21C028DC8D}
	EndGlobalSection
EndGlobal
